// !$*UTF8*$!
{
	archiveVersion = 1;
	classes = {
	};
	objectVersion = 46;
	objects = {

/* Begin PBXBuildFile section */
		83677E8A192C03DB00E5F5F5 /* Foundation.framework in Frameworks */ = {isa = PBXBuildFile; fileRef = 83677E89192C03DB00E5F5F5 /* Foundation.framework */; };
		83677E8C192C03DB00E5F5F5 /* CoreGraphics.framework in Frameworks */ = {isa = PBXBuildFile; fileRef = 83677E8B192C03DB00E5F5F5 /* CoreGraphics.framework */; };
		83677E8E192C03DB00E5F5F5 /* UIKit.framework in Frameworks */ = {isa = PBXBuildFile; fileRef = 83677E8D192C03DB00E5F5F5 /* UIKit.framework */; };
		83677EA9192C03DB00E5F5F5 /* XCTest.framework in Frameworks */ = {isa = PBXBuildFile; fileRef = 83677EA8192C03DB00E5F5F5 /* XCTest.framework */; };
		83677EAA192C03DB00E5F5F5 /* Foundation.framework in Frameworks */ = {isa = PBXBuildFile; fileRef = 83677E89192C03DB00E5F5F5 /* Foundation.framework */; };
		83677EAB192C03DB00E5F5F5 /* UIKit.framework in Frameworks */ = {isa = PBXBuildFile; fileRef = 83677E8D192C03DB00E5F5F5 /* UIKit.framework */; };
/* End PBXBuildFile section */

/* Begin PBXContainerItemProxy section */
		83677EAC192C03DB00E5F5F5 /* PBXContainerItemProxy */ = {
			isa = PBXContainerItemProxy;
			containerPortal = 83677E7E192C03DB00E5F5F5 /* Project object */;
			proxyType = 1;
			remoteGlobalIDString = 83677E85192C03DB00E5F5F5;
			remoteInfo = PGMTest;
		};
/* End PBXContainerItemProxy section */

/* Begin PBXFileReference section */
		83677E86192C03DB00E5F5F5 /* PGMTest.app */ = {isa = PBXFileReference; explicitFileType = wrapper.application; includeInIndex = 0; path = PGMTest.app; sourceTree = BUILT_PRODUCTS_DIR; };
		83677E89192C03DB00E5F5F5 /* Foundation.framework */ = {isa = PBXFileReference; lastKnownFileType = wrapper.framework; name = Foundation.framework; path = System/Library/Frameworks/Foundation.framework; sourceTree = SDKROOT; };
		83677E8B192C03DB00E5F5F5 /* CoreGraphics.framework */ = {isa = PBXFileReference; lastKnownFileType = wrapper.framework; name = CoreGraphics.framework; path = System/Library/Frameworks/CoreGraphics.framework; sourceTree = SDKROOT; };
		83677E8D192C03DB00E5F5F5 /* UIKit.framework */ = {isa = PBXFileReference; lastKnownFileType = wrapper.framework; name = UIKit.framework; path = System/Library/Frameworks/UIKit.framework; sourceTree = SDKROOT; };
		83677EA7192C03DB00E5F5F5 /* PGMTestTests.xctest */ = {isa = PBXFileReference; explicitFileType = wrapper.cfbundle; includeInIndex = 0; path = PGMTestTests.xctest; sourceTree = BUILT_PRODUCTS_DIR; };
		83677EA8192C03DB00E5F5F5 /* XCTest.framework */ = {isa = PBXFileReference; lastKnownFileType = wrapper.framework; name = XCTest.framework; path = Library/Frameworks/XCTest.framework; sourceTree = DEVELOPER_DIR; };
/* End PBXFileReference section */

/* Begin PBXFrameworksBuildPhase section */
		83677E83192C03DB00E5F5F5 /* Frameworks */ = {
			isa = PBXFrameworksBuildPhase;
			buildActionMask = 2147483647;
			files = (
				83677E8C192C03DB00E5F5F5 /* CoreGraphics.framework in Frameworks */,
				83677E8E192C03DB00E5F5F5 /* UIKit.framework in Frameworks */,
				83677E8A192C03DB00E5F5F5 /* Foundation.framework in Frameworks */,
			);
			runOnlyForDeploymentPostprocessing = 0;
		};
		83677EA4192C03DB00E5F5F5 /* Frameworks */ = {
			isa = PBXFrameworksBuildPhase;
			buildActionMask = 2147483647;
			files = (
				83677EA9192C03DB00E5F5F5 /* XCTest.framework in Frameworks */,
				83677EAB192C03DB00E5F5F5 /* UIKit.framework in Frameworks */,
				83677EAA192C03DB00E5F5F5 /* Foundation.framework in Frameworks */,
			);
			runOnlyForDeploymentPostprocessing = 0;
		};
/* End PBXFrameworksBuildPhase section */

/* Begin PBXGroup section */
		83677E7D192C03DB00E5F5F5 = {
			isa = PBXGroup;
			children = (
				83677E88192C03DB00E5F5F5 /* Frameworks */,
				83677E87192C03DB00E5F5F5 /* Products */,
			);
			sourceTree = "<group>";
		};
		83677E87192C03DB00E5F5F5 /* Products */ = {
			isa = PBXGroup;
			children = (
				83677E86192C03DB00E5F5F5 /* PGMTest.app */,
				83677EA7192C03DB00E5F5F5 /* PGMTestTests.xctest */,
			);
			name = Products;
			sourceTree = "<group>";
		};
		83677E88192C03DB00E5F5F5 /* Frameworks */ = {
			isa = PBXGroup;
			children = (
				83677E89192C03DB00E5F5F5 /* Foundation.framework */,
				83677E8B192C03DB00E5F5F5 /* CoreGraphics.framework */,
				83677E8D192C03DB00E5F5F5 /* UIKit.framework */,
				83677EA8192C03DB00E5F5F5 /* XCTest.framework */,
			);
			name = Frameworks;
			sourceTree = "<group>";
		};
/* End PBXGroup section */

/* Begin PBXNativeTarget section */
		83677E85192C03DB00E5F5F5 /* PGMTest */ = {
			isa = PBXNativeTarget;
			buildConfigurationList = 83677EB8192C03DB00E5F5F5 /* Build configuration list for PBXNativeTarget "PGMTest" */;
			buildPhases = (
				83677E82192C03DB00E5F5F5 /* Sources */,
				83677E83192C03DB00E5F5F5 /* Frameworks */,
				83677E84192C03DB00E5F5F5 /* Resources */,
			);
			buildRules = (
			);
			dependencies = (
			);
			name = PGMTest;
			productName = PGMTest;
			productReference = 83677E86192C03DB00E5F5F5 /* PGMTest.app */;
			productType = "com.apple.product-type.application";
		};
		83677EA6192C03DB00E5F5F5 /* PGMTestTests */ = {
			isa = PBXNativeTarget;
			buildConfigurationList = 83677EBB192C03DB00E5F5F5 /* Build configuration list for PBXNativeTarget "PGMTestTests" */;
			buildPhases = (
				83677EA3192C03DB00E5F5F5 /* Sources */,
				83677EA4192C03DB00E5F5F5 /* Frameworks */,
				83677EA5192C03DB00E5F5F5 /* Resources */,
			);
			buildRules = (
			);
			dependencies = (
				83677EAD192C03DB00E5F5F5 /* PBXTargetDependency */,
			);
			name = PGMTestTests;
			productName = PGMTestTests;
			productReference = 83677EA7192C03DB00E5F5F5 /* PGMTestTests.xctest */;
			productType = "com.apple.product-type.bundle.unit-test";
		};
/* End PBXNativeTarget section */

/* Begin PBXProject section */
		83677E7E192C03DB00E5F5F5 /* Project object */ = {
			isa = PBXProject;
			attributes = {
				CLASSPREFIX = PGM;
				LastUpgradeCheck = 0510;
				TargetAttributes = {
					83677EA6192C03DB00E5F5F5 = {
						TestTargetID = 83677E85192C03DB00E5F5F5;
					};
				};
			};
			buildConfigurationList = 83677E81192C03DB00E5F5F5 /* Build configuration list for PBXProject "PGMTest" */;
			compatibilityVersion = "Xcode 3.2";
			developmentRegion = English;
			hasScannedForEncodings = 0;
			knownRegions = (
				en,
				Base,
			);
			mainGroup = 83677E7D192C03DB00E5F5F5;
			productRefGroup = 83677E87192C03DB00E5F5F5 /* Products */;
			projectDirPath = "";
			projectRoot = "";
			targets = (
				83677E85192C03DB00E5F5F5 /* PGMTest */,
				83677EA6192C03DB00E5F5F5 /* PGMTestTests */,
			);
		};
/* End PBXProject section */

/* Begin PBXResourcesBuildPhase section */
		83677E84192C03DB00E5F5F5 /* Resources */ = {
			isa = PBXResourcesBuildPhase;
			buildActionMask = 2147483647;
			files = (
			);
			runOnlyForDeploymentPostprocessing = 0;
		};
		83677EA5192C03DB00E5F5F5 /* Resources */ = {
			isa = PBXResourcesBuildPhase;
			buildActionMask = 2147483647;
			files = (
			);
			runOnlyForDeploymentPostprocessing = 0;
		};
/* End PBXResourcesBuildPhase section */

/* Begin PBXSourcesBuildPhase section */
		83677E82192C03DB00E5F5F5 /* Sources */ = {
			isa = PBXSourcesBuildPhase;
			buildActionMask = 2147483647;
			files = (
			);
			runOnlyForDeploymentPostprocessing = 0;
		};
		83677EA3192C03DB00E5F5F5 /* Sources */ = {
			isa = PBXSourcesBuildPhase;
			buildActionMask = 2147483647;
			files = (
			);
			runOnlyForDeploymentPostprocessing = 0;
		};
/* End PBXSourcesBuildPhase section */

/* Begin PBXTargetDependency section */
		83677EAD192C03DB00E5F5F5 /* PBXTargetDependency */ = {
			isa = PBXTargetDependency;
			target = 83677E85192C03DB00E5F5F5 /* PGMTest */;
			targetProxy = 83677EAC192C03DB00E5F5F5 /* PBXContainerItemProxy */;
		};
/* End PBXTargetDependency section */

/* Begin XCBuildConfiguration section */
		83677EB6192C03DB00E5F5F5 /* Debug */ = {
			isa = XCBuildConfiguration;
			buildSettings = {
				ALWAYS_SEARCH_USER_PATHS = NO;
				CLANG_CXX_LANGUAGE_STANDARD = "gnu++0x";
				CLANG_CXX_LIBRARY = "libc++";
				CLANG_ENABLE_MODULES = YES;
				CLANG_ENABLE_OBJC_ARC = YES;
				CLANG_WARN_BOOL_CONVERSION = YES;
				CLANG_WARN_CONSTANT_CONVERSION = YES;
				CLANG_WARN_DIRECT_OBJC_ISA_USAGE = YES_ERROR;
				CLANG_WARN_EMPTY_BODY = YES;
				CLANG_WARN_ENUM_CONVERSION = YES;
				CLANG_WARN_INT_CONVERSION = YES;
				CLANG_WARN_OBJC_ROOT_CLASS = YES_ERROR;
				CLANG_WARN__DUPLICATE_METHOD_MATCH = YES;
				"CODE_SIGN_IDENTITY[sdk=iphoneos*]" = "iPhone Developer";
				COPY_PHASE_STRIP = NO;
				GCC_C_LANGUAGE_STANDARD = gnu99;
				GCC_DYNAMIC_NO_PIC = NO;
				GCC_OPTIMIZATION_LEVEL = 0;
				GCC_PREPROCESSOR_DEFINITIONS = (
					"DEBUG=1",
					"$(inherited)",
				);
				GCC_SYMBOLS_PRIVATE_EXTERN = NO;
				GCC_WARN_64_TO_32_BIT_CONVERSION = YES;
				GCC_WARN_ABOUT_RETURN_TYPE = YES_ERROR;
				GCC_WARN_UNDECLARED_SELECTOR = YES;
				GCC_WARN_UNINITIALIZED_AUTOS = YES_AGGRESSIVE;
				GCC_WARN_UNUSED_FUNCTION = YES;
				GCC_WARN_UNUSED_VARIABLE = YES;
				IPHONEOS_DEPLOYMENT_TARGET = 7.1;
				ONLY_ACTIVE_ARCH = YES;
				SDKROOT = iphoneos;
			};
			name = Debug;
		};
		83677EB7192C03DB00E5F5F5 /* Release */ = {
			isa = XCBuildConfiguration;
			buildSettings = {
				ALWAYS_SEARCH_USER_PATHS = NO;
				CLANG_CXX_LANGUAGE_STANDARD = "gnu++0x";
				CLANG_CXX_LIBRARY = "libc++";
				CLANG_ENABLE_MODULES = YES;
				CLANG_ENABLE_OBJC_ARC = YES;
				CLANG_WARN_BOOL_CONVERSION = YES;
				CLANG_WARN_CONSTANT_CONVERSION = YES;
				CLANG_WARN_DIRECT_OBJC_ISA_USAGE = YES_ERROR;
				CLANG_WARN_EMPTY_BODY = YES;
				CLANG_WARN_ENUM_CONVERSION = YES;
				CLANG_WARN_INT_CONVERSION = YES;
				CLANG_WARN_OBJC_ROOT_CLASS = YES_ERROR;
				CLANG_WARN__DUPLICATE_METHOD_MATCH = YES;
				"CODE_SIGN_IDENTITY[sdk=iphoneos*]" = "iPhone Developer";
				COPY_PHASE_STRIP = YES;
				ENABLE_NS_ASSERTIONS = NO;
				GCC_C_LANGUAGE_STANDARD = gnu99;
				GCC_WARN_64_TO_32_BIT_CONVERSION = YES;
				GCC_WARN_ABOUT_RETURN_TYPE = YES_ERROR;
				GCC_WARN_UNDECLARED_SELECTOR = YES;
				GCC_WARN_UNINITIALIZED_AUTOS = YES_AGGRESSIVE;
				GCC_WARN_UNUSED_FUNCTION = YES;
				GCC_WARN_UNUSED_VARIABLE = YES;
				IPHONEOS_DEPLOYMENT_TARGET = 7.1;
				SDKROOT = iphoneos;
				VALIDATE_PRODUCT = YES;
			};
			name = Release;
		};
		83677EB9192C03DB00E5F5F5 /* Debug */ = {
			isa = XCBuildConfiguration;
			buildSettings = {
				ASSETCATALOG_COMPILER_APPICON_NAME = AppIcon;
				ASSETCATALOG_COMPILER_LAUNCHIMAGE_NAME = LaunchImage;
				GCC_PRECOMPILE_PREFIX_HEADER = YES;
				GCC_PREFIX_HEADER = "PGMTest/PGMTest-Prefix.pch";
				INFOPLIST_FILE = "PGMTest/PGMTest-Info.plist";
				PRODUCT_NAME = "$(TARGET_NAME)";
				WRAPPER_EXTENSION = app;
			};
			name = Debug;
		};
		83677EBA192C03DB00E5F5F5 /* Release */ = {
			isa = XCBuildConfiguration;
			buildSettings = {
				ASSETCATALOG_COMPILER_APPICON_NAME = AppIcon;
				ASSETCATALOG_COMPILER_LAUNCHIMAGE_NAME = LaunchImage;
				GCC_PRECOMPILE_PREFIX_HEADER = YES;
				GCC_PREFIX_HEADER = "PGMTest/PGMTest-Prefix.pch";
				INFOPLIST_FILE = "PGMTest/PGMTest-Info.plist";
				PRODUCT_NAME = "$(TARGET_NAME)";
				WRAPPER_EXTENSION = app;
			};
			name = Release;
		};
		83677EBC192C03DB00E5F5F5 /* Debug */ = {
			isa = XCBuildConfiguration;
			buildSettings = {
				BUNDLE_LOADER = "$(BUILT_PRODUCTS_DIR)/PGMTest.app/PGMTest";
				FRAMEWORK_SEARCH_PATHS = (
					"$(SDKROOT)/Developer/Library/Frameworks",
					"$(inherited)",
					"$(DEVELOPER_FRAMEWORKS_DIR)",
				);
				GCC_PRECOMPILE_PREFIX_HEADER = YES;
				GCC_PREFIX_HEADER = "PGMTest/PGMTest-Prefix.pch";
				GCC_PREPROCESSOR_DEFINITIONS = (
					"DEBUG=1",
					"$(inherited)",
				);
				INFOPLIST_FILE = "PGMTestTests/PGMTestTests-Info.plist";
				PRODUCT_NAME = "$(TARGET_NAME)";
				TEST_HOST = "$(BUNDLE_LOADER)";
				WRAPPER_EXTENSION = xctest;
			};
			name = Debug;
		};
		83677EBD192C03DB00E5F5F5 /* Release */ = {
			isa = XCBuildConfiguration;
			buildSettings = {
				BUNDLE_LOADER = "$(BUILT_PRODUCTS_DIR)/PGMTest.app/PGMTest";
				FRAMEWORK_SEARCH_PATHS = (
					"$(SDKROOT)/Developer/Library/Frameworks",
					"$(inherited)",
					"$(DEVELOPER_FRAMEWORKS_DIR)",
				);
				GCC_PRECOMPILE_PREFIX_HEADER = YES;
				GCC_PREFIX_HEADER = "PGMTest/PGMTest-Prefix.pch";
				INFOPLIST_FILE = "PGMTestTests/PGMTestTests-Info.plist";
				PRODUCT_NAME = "$(TARGET_NAME)";
				TEST_HOST = "$(BUNDLE_LOADER)";
				WRAPPER_EXTENSION = xctest;
			};
			name = Release;
		};
/* End XCBuildConfiguration section */

/* Begin XCConfigurationList section */
		83677E81192C03DB00E5F5F5 /* Build configuration list for PBXProject "PGMTest" */ = {
			isa = XCConfigurationList;
			buildConfigurations = (
				83677EB6192C03DB00E5F5F5 /* Debug */,
				83677EB7192C03DB00E5F5F5 /* Release */,
			);
			defaultConfigurationIsVisible = 0;
			defaultConfigurationName = Release;
		};
		83677EB8192C03DB00E5F5F5 /* Build configuration list for PBXNativeTarget "PGMTest" */ = {
			isa = XCConfigurationList;
			buildConfigurations = (
				83677EB9192C03DB00E5F5F5 /* Debug */,
				83677EBA192C03DB00E5F5F5 /* Release */,
			);
			defaultConfigurationIsVisible = 0;
		};
		83677EBB192C03DB00E5F5F5 /* Build configuration list for PBXNativeTarget "PGMTestTests" */ = {
			isa = XCConfigurationList;
			buildConfigurations = (
				83677EBC192C03DB00E5F5F5 /* Debug */,
				83677EBD192C03DB00E5F5F5 /* Release */,
			);
			defaultConfigurationIsVisible = 0;
		};
/* End XCConfigurationList section */
	};
	rootObject = 83677E7E192C03DB00E5F5F5 /* Project object */;
}
